// !$*UTF8*$!
{
	archiveVersion = 1;
	classes = {
	};
	objectVersion = 50;
	objects = {

/* Begin PBXBuildFile section */
		F8031DB42143446D007E2EF0 /* MapNavigationViewController.swift in Sources */ = {isa = PBXBuildFile; fileRef = F8031DB32143446D007E2EF0 /* MapNavigationViewController.swift */; };
		F82A5B5E2141DC0800659CAB /* RestaurantTableViewCell.swift in Sources */ = {isa = PBXBuildFile; fileRef = F82A5B5D2141DC0800659CAB /* RestaurantTableViewCell.swift */; };
		F82A5B64214203BE00659CAB /* Restaurant.swift in Sources */ = {isa = PBXBuildFile; fileRef = F82A5B63214203BE00659CAB /* Restaurant.swift */; };
		F82A5B66214216C900659CAB /* MyIndicator.swift in Sources */ = {isa = PBXBuildFile; fileRef = F82A5B65214216C900659CAB /* MyIndicator.swift */; };
		F84EF77921408E17004BBD3B /* AppDelegate.swift in Sources */ = {isa = PBXBuildFile; fileRef = F84EF77821408E17004BBD3B /* AppDelegate.swift */; };
		F84EF77E21408E17004BBD3B /* Main.storyboard in Resources */ = {isa = PBXBuildFile; fileRef = F84EF77C21408E17004BBD3B /* Main.storyboard */; };
		F84EF78021408E18004BBD3B /* Assets.xcassets in Resources */ = {isa = PBXBuildFile; fileRef = F84EF77F21408E18004BBD3B /* Assets.xcassets */; };
		F84EF78321408E18004BBD3B /* LaunchScreen.storyboard in Resources */ = {isa = PBXBuildFile; fileRef = F84EF78121408E18004BBD3B /* LaunchScreen.storyboard */; };
		F84EF78C21409D88004BBD3B /* RestaurantViewController.swift in Sources */ = {isa = PBXBuildFile; fileRef = F84EF78B21409D88004BBD3B /* RestaurantViewController.swift */; };
		F84EF7922140AFE6004BBD3B /* Utils.swift in Sources */ = {isa = PBXBuildFile; fileRef = F84EF7912140AFE6004BBD3B /* Utils.swift */; };
/* End PBXBuildFile section */

/* Begin PBXFileReference section */
		F8031DB32143446D007E2EF0 /* MapNavigationViewController.swift */ = {isa = PBXFileReference; lastKnownFileType = sourcecode.swift; path = MapNavigationViewController.swift; sourceTree = "<group>"; };
		F82A5B5D2141DC0800659CAB /* RestaurantTableViewCell.swift */ = {isa = PBXFileReference; lastKnownFileType = sourcecode.swift; path = RestaurantTableViewCell.swift; sourceTree = "<group>"; };
		F82A5B63214203BE00659CAB /* Restaurant.swift */ = {isa = PBXFileReference; lastKnownFileType = sourcecode.swift; path = Restaurant.swift; sourceTree = "<group>"; };
		F82A5B65214216C900659CAB /* MyIndicator.swift */ = {isa = PBXFileReference; lastKnownFileType = sourcecode.swift; path = MyIndicator.swift; sourceTree = "<group>"; };
		F84EF77521408E17004BBD3B /* Homework8.app */ = {isa = PBXFileReference; explicitFileType = wrapper.application; includeInIndex = 0; path = Homework8.app; sourceTree = BUILT_PRODUCTS_DIR; };
		F84EF77821408E17004BBD3B /* AppDelegate.swift */ = {isa = PBXFileReference; lastKnownFileType = sourcecode.swift; path = AppDelegate.swift; sourceTree = "<group>"; };
		F84EF77D21408E17004BBD3B /* Base */ = {isa = PBXFileReference; lastKnownFileType = file.storyboard; name = Base; path = Base.lproj/Main.storyboard; sourceTree = "<group>"; };
		F84EF77F21408E18004BBD3B /* Assets.xcassets */ = {isa = PBXFileReference; lastKnownFileType = folder.assetcatalog; path = Assets.xcassets; sourceTree = "<group>"; };
		F84EF78221408E18004BBD3B /* Base */ = {isa = PBXFileReference; lastKnownFileType = file.storyboard; name = Base; path = Base.lproj/LaunchScreen.storyboard; sourceTree = "<group>"; };
		F84EF78421408E18004BBD3B /* Info.plist */ = {isa = PBXFileReference; lastKnownFileType = text.plist.xml; path = Info.plist; sourceTree = "<group>"; };
		F84EF78B21409D88004BBD3B /* RestaurantViewController.swift */ = {isa = PBXFileReference; lastKnownFileType = sourcecode.swift; path = RestaurantViewController.swift; sourceTree = "<group>"; };
		F84EF7902140AD27004BBD3B /* jsonData.geojson */ = {isa = PBXFileReference; lastKnownFileType = text; path = jsonData.geojson; sourceTree = "<group>"; };
		F84EF7912140AFE6004BBD3B /* Utils.swift */ = {isa = PBXFileReference; lastKnownFileType = sourcecode.swift; path = Utils.swift; sourceTree = "<group>"; };
/* End PBXFileReference section */

/* Begin PBXFrameworksBuildPhase section */
		F84EF77221408E17004BBD3B /* Frameworks */ = {
			isa = PBXFrameworksBuildPhase;
			buildActionMask = 2147483647;
			files = (
			);
			runOnlyForDeploymentPostprocessing = 0;
		};
/* End PBXFrameworksBuildPhase section */

/* Begin PBXGroup section */
		F84EF76C21408E17004BBD3B = {
			isa = PBXGroup;
			children = (
				F82A5B63214203BE00659CAB /* Restaurant.swift */,
				F84EF77721408E17004BBD3B /* Homework8 */,
				F84EF77621408E17004BBD3B /* Products */,
			);
			sourceTree = "<group>";
		};
		F84EF77621408E17004BBD3B /* Products */ = {
			isa = PBXGroup;
			children = (
				F84EF77521408E17004BBD3B /* Homework8.app */,
			);
			name = Products;
			sourceTree = "<group>";
		};
		F84EF77721408E17004BBD3B /* Homework8 */ = {
			isa = PBXGroup;
			children = (
				F84EF78A21408E32004BBD3B /* SupportingFiles */,
				F84EF77C21408E17004BBD3B /* Main.storyboard */,
				F84EF77F21408E18004BBD3B /* Assets.xcassets */,
				F84EF78421408E18004BBD3B /* Info.plist */,
				F84EF78B21409D88004BBD3B /* RestaurantViewController.swift */,
				F84EF7902140AD27004BBD3B /* jsonData.geojson */,
				F84EF7912140AFE6004BBD3B /* Utils.swift */,
				F82A5B5D2141DC0800659CAB /* RestaurantTableViewCell.swift */,
				F82A5B65214216C900659CAB /* MyIndicator.swift */,
				F8031DB32143446D007E2EF0 /* MapNavigationViewController.swift */,
			);
			path = Homework8;
			sourceTree = "<group>";
		};
		F84EF78A21408E32004BBD3B /* SupportingFiles */ = {
			isa = PBXGroup;
			children = (
				F84EF77821408E17004BBD3B /* AppDelegate.swift */,
				F84EF78121408E18004BBD3B /* LaunchScreen.storyboard */,
			);
			path = SupportingFiles;
			sourceTree = "<group>";
		};
/* End PBXGroup section */

/* Begin PBXNativeTarget section */
		F84EF77421408E17004BBD3B /* Homework8 */ = {
			isa = PBXNativeTarget;
			buildConfigurationList = F84EF78721408E18004BBD3B /* Build configuration list for PBXNativeTarget "Homework8" */;
			buildPhases = (
				F84EF77121408E17004BBD3B /* Sources */,
				F84EF77221408E17004BBD3B /* Frameworks */,
				F84EF77321408E17004BBD3B /* Resources */,
			);
			buildRules = (
			);
			dependencies = (
			);
			name = Homework8;
			productName = Homework8;
			productReference = F84EF77521408E17004BBD3B /* Homework8.app */;
			productType = "com.apple.product-type.application";
		};
/* End PBXNativeTarget section */

/* Begin PBXProject section */
		F84EF76D21408E17004BBD3B /* Project object */ = {
			isa = PBXProject;
			attributes = {
				LastSwiftUpdateCheck = 0940;
				LastUpgradeCheck = 0940;
				ORGANIZATIONNAME = UCLAExtension;
				TargetAttributes = {
					F84EF77421408E17004BBD3B = {
						CreatedOnToolsVersion = 9.4.1;
					};
				};
			};
			buildConfigurationList = F84EF77021408E17004BBD3B /* Build configuration list for PBXProject "Homework8" */;
			compatibilityVersion = "Xcode 9.3";
			developmentRegion = en;
			hasScannedForEncodings = 0;
			knownRegions = (
				en,
				Base,
			);
			mainGroup = F84EF76C21408E17004BBD3B;
			productRefGroup = F84EF77621408E17004BBD3B /* Products */;
			projectDirPath = "";
			projectRoot = "";
			targets = (
				F84EF77421408E17004BBD3B /* Homework8 */,
			);
		};
/* End PBXProject section */

/* Begin PBXResourcesBuildPhase section */
		F84EF77321408E17004BBD3B /* Resources */ = {
			isa = PBXResourcesBuildPhase;
			buildActionMask = 2147483647;
			files = (
				F84EF78321408E18004BBD3B /* LaunchScreen.storyboard in Resources */,
				F84EF78021408E18004BBD3B /* Assets.xcassets in Resources */,
				F84EF77E21408E17004BBD3B /* Main.storyboard in Resources */,
			);
			runOnlyForDeploymentPostprocessing = 0;
		};
/* End PBXResourcesBuildPhase section */

/* Begin PBXSourcesBuildPhase section */
		F84EF77121408E17004BBD3B /* Sources */ = {
			isa = PBXSourcesBuildPhase;
			buildActionMask = 2147483647;
			files = (
				F82A5B5E2141DC0800659CAB /* RestaurantTableViewCell.swift in Sources */,
				F82A5B64214203BE00659CAB /* Restaurant.swift in Sources */,
				F8031DB42143446D007E2EF0 /* MapNavigationViewController.swift in Sources */,
				F84EF78C21409D88004BBD3B /* RestaurantViewController.swift in Sources */,
				F84EF77921408E17004BBD3B /* AppDelegate.swift in Sources */,
				F84EF7922140AFE6004BBD3B /* Utils.swift in Sources */,
				F82A5B66214216C900659CAB /* MyIndicator.swift in Sources */,
			);
			runOnlyForDeploymentPostprocessing = 0;
		};
/* End PBXSourcesBuildPhase section */

/* Begin PBXVariantGroup section */
		F84EF77C21408E17004BBD3B /* Main.storyboard */ = {
			isa = PBXVariantGroup;
			children = (
				F84EF77D21408E17004BBD3B /* Base */,
			);
			name = Main.storyboard;
			sourceTree = "<group>";
		};
		F84EF78121408E18004BBD3B /* LaunchScreen.storyboard */ = {
			isa = PBXVariantGroup;
			children = (
				F84EF78221408E18004BBD3B /* Base */,
			);
			name = LaunchScreen.storyboard;
			sourceTree = "<group>";
		};
/* End PBXVariantGroup section */

/* Begin XCBuildConfiguration section */
		F84EF78521408E18004BBD3B /* Debug */ = {
			isa = XCBuildConfiguration;
			buildSettings = {
				ALWAYS_SEARCH_USER_PATHS = NO;
				CLANG_ANALYZER_NONNULL = YES;
				CLANG_ANALYZER_NUMBER_OBJECT_CONVERSION = YES_AGGRESSIVE;
				CLANG_CXX_LANGUAGE_STANDARD = "gnu++14";
				CLANG_CXX_LIBRARY = "libc++";
				CLANG_ENABLE_MODULES = YES;
				CLANG_ENABLE_OBJC_ARC = YES;
				CLANG_ENABLE_OBJC_WEAK = YES;
				CLANG_WARN_BLOCK_CAPTURE_AUTORELEASING = YES;
				CLANG_WARN_BOOL_CONVERSION = YES;
				CLANG_WARN_COMMA = YES;
				CLANG_WARN_CONSTANT_CONVERSION = YES;
				CLANG_WARN_DEPRECATED_OBJC_IMPLEMENTATIONS = YES;
				CLANG_WARN_DIRECT_OBJC_ISA_USAGE = YES_ERROR;
				CLANG_WARN_DOCUMENTATION_COMMENTS = YES;
				CLANG_WARN_EMPTY_BODY = YES;
				CLANG_WARN_ENUM_CONVERSION = YES;
				CLANG_WARN_INFINITE_RECURSION = YES;
				CLANG_WARN_INT_CONVERSION = YES;
				CLANG_WARN_NON_LITERAL_NULL_CONVERSION = YES;
				CLANG_WARN_OBJC_IMPLICIT_RETAIN_SELF = YES;
				CLANG_WARN_OBJC_LITERAL_CONVERSION = YES;
				CLANG_WARN_OBJC_ROOT_CLASS = YES_ERROR;
				CLANG_WARN_RANGE_LOOP_ANALYSIS = YES;
				CLANG_WARN_STRICT_PROTOTYPES = YES;
				CLANG_WARN_SUSPICIOUS_MOVE = YES;
				CLANG_WARN_UNGUARDED_AVAILABILITY = YES_AGGRESSIVE;
				CLANG_WARN_UNREACHABLE_CODE = YES;
				CLANG_WARN__DUPLICATE_METHOD_MATCH = YES;
				CODE_SIGN_IDENTITY = "iPhone Developer";
				COPY_PHASE_STRIP = NO;
				DEBUG_INFORMATION_FORMAT = dwarf;
				ENABLE_STRICT_OBJC_MSGSEND = YES;
				ENABLE_TESTABILITY = YES;
				GCC_C_LANGUAGE_STANDARD = gnu11;
				GCC_DYNAMIC_NO_PIC = NO;
				GCC_NO_COMMON_BLOCKS = YES;
				GCC_OPTIMIZATION_LEVEL = 0;
				GCC_PREPROCESSOR_DEFINITIONS = (
					"DEBUG=1",
					"$(inherited)",
				);
				GCC_WARN_64_TO_32_BIT_CONVERSION = YES;
				GCC_WARN_ABOUT_RETURN_TYPE = YES_ERROR;
				GCC_WARN_UNDECLARED_SELECTOR = YES;
				GCC_WARN_UNINITIALIZED_AUTOS = YES_AGGRESSIVE;
				GCC_WARN_UNUSED_FUNCTION = YES;
				GCC_WARN_UNUSED_VARIABLE = YES;
				IPHONEOS_DEPLOYMENT_TARGET = 11.4;
				MTL_ENABLE_DEBUG_INFO = YES;
				ONLY_ACTIVE_ARCH = YES;
				SDKROOT = iphoneos;
				SWIFT_ACTIVE_COMPILATION_CONDITIONS = DEBUG;
				SWIFT_OPTIMIZATION_LEVEL = "-Onone";
			};
			name = Debug;
		};
		F84EF78621408E18004BBD3B /* Release */ = {
			isa = XCBuildConfiguration;
			buildSettings = {
				ALWAYS_SEARCH_USER_PATHS = NO;
				CLANG_ANALYZER_NONNULL = YES;
				CLANG_ANALYZER_NUMBER_OBJECT_CONVERSION = YES_AGGRESSIVE;
				CLANG_CXX_LANGUAGE_STANDARD = "gnu++14";
				CLANG_CXX_LIBRARY = "libc++";
				CLANG_ENABLE_MODULES = YES;
				CLANG_ENABLE_OBJC_ARC = YES;
				CLANG_ENABLE_OBJC_WEAK = YES;
				CLANG_WARN_BLOCK_CAPTURE_AUTORELEASING = YES;
				CLANG_WARN_BOOL_CONVERSION = YES;
				CLANG_WARN_COMMA = YES;
				CLANG_WARN_CONSTANT_CONVERSION = YES;
				CLANG_WARN_DEPRECATED_OBJC_IMPLEMENTATIONS = YES;
				CLANG_WARN_DIRECT_OBJC_ISA_USAGE = YES_ERROR;
				CLANG_WARN_DOCUMENTATION_COMMENTS = YES;
				CLANG_WARN_EMPTY_BODY = YES;
				CLANG_WARN_ENUM_CONVERSION = YES;
				CLANG_WARN_INFINITE_RECURSION = YES;
				CLANG_WARN_INT_CONVERSION = YES;
				CLANG_WARN_NON_LITERAL_NULL_CONVERSION = YES;
				CLANG_WARN_OBJC_IMPLICIT_RETAIN_SELF = YES;
				CLANG_WARN_OBJC_LITERAL_CONVERSION = YES;
				CLANG_WARN_OBJC_ROOT_CLASS = YES_ERROR;
				CLANG_WARN_RANGE_LOOP_ANALYSIS = YES;
				CLANG_WARN_STRICT_PROTOTYPES = YES;
				CLANG_WARN_SUSPICIOUS_MOVE = YES;
				CLANG_WARN_UNGUARDED_AVAILABILITY = YES_AGGRESSIVE;
				CLANG_WARN_UNREACHABLE_CODE = YES;
				CLANG_WARN__DUPLICATE_METHOD_MATCH = YES;
				CODE_SIGN_IDENTITY = "iPhone Developer";
				COPY_PHASE_STRIP = NO;
				DEBUG_INFORMATION_FORMAT = "dwarf-with-dsym";
				ENABLE_NS_ASSERTIONS = NO;
				ENABLE_STRICT_OBJC_MSGSEND = YES;
				GCC_C_LANGUAGE_STANDARD = gnu11;
				GCC_NO_COMMON_BLOCKS = YES;
				GCC_WARN_64_TO_32_BIT_CONVERSION = YES;
				GCC_WARN_ABOUT_RETURN_TYPE = YES_ERROR;
				GCC_WARN_UNDECLARED_SELECTOR = YES;
				GCC_WARN_UNINITIALIZED_AUTOS = YES_AGGRESSIVE;
				GCC_WARN_UNUSED_FUNCTION = YES;
				GCC_WARN_UNUSED_VARIABLE = YES;
				IPHONEOS_DEPLOYMENT_TARGET = 11.4;
				MTL_ENABLE_DEBUG_INFO = NO;
				SDKROOT = iphoneos;
				SWIFT_COMPILATION_MODE = wholemodule;
				SWIFT_OPTIMIZATION_LEVEL = "-O";
				VALIDATE_PRODUCT = YES;
			};
			name = Release;
		};
		F84EF78821408E18004BBD3B /* Debug */ = {
			isa = XCBuildConfiguration;
			buildSettings = {
				ASSETCATALOG_COMPILER_APPICON_NAME = AppIcon;
				CODE_SIGN_STYLE = Automatic;
				DEVELOPMENT_TEAM = TP8XLB55NP;
				INFOPLIST_FILE = Homework8/Info.plist;
				LD_RUNPATH_SEARCH_PATHS = (
					"$(inherited)",
					"@executable_path/Frameworks",
				);
				PRODUCT_BUNDLE_IDENTIFIER = com.uclaextension.anto004.Homework8;
				PRODUCT_NAME = "$(TARGET_NAME)";
				SWIFT_VERSION = 4.0;
				TARGETED_DEVICE_FAMILY = "1,2";
			};
			name = Debug;
		};
		F84EF78921408E18004BBD3B /* Release */ = {
			isa = XCBuildConfiguration;
			buildSettings = {
				ASSETCATALOG_COMPILER_APPICON_NAME = AppIcon;
				CODE_SIGN_STYLE = Automatic;
				DEVELOPMENT_TEAM = TP8XLB55NP;
				INFOPLIST_FILE = Homework8/Info.plist;
				LD_RUNPATH_SEARCH_PATHS = (
					"$(inherited)",
					"@executable_path/Frameworks",
				);
				PRODUCT_BUNDLE_IDENTIFIER = com.uclaextension.anto004.Homework8;
				PRODUCT_NAME = "$(TARGET_NAME)";
				SWIFT_VERSION = 4.0;
				TARGETED_DEVICE_FAMILY = "1,2";
			};
			name = Release;
		};
/* End XCBuildConfiguration section */

/* Begin XCConfigurationList section */
		F84EF77021408E17004BBD3B /* Build configuration list for PBXProject "Homework8" */ = {
			isa = XCConfigurationList;
			buildConfigurations = (
				F84EF78521408E18004BBD3B /* Debug */,
				F84EF78621408E18004BBD3B /* Release */,
			);
			defaultConfigurationIsVisible = 0;
			defaultConfigurationName = Release;
		};
		F84EF78721408E18004BBD3B /* Build configuration list for PBXNativeTarget "Homework8" */ = {
			isa = XCConfigurationList;
			buildConfigurations = (
				F84EF78821408E18004BBD3B /* Debug */,
				F84EF78921408E18004BBD3B /* Release */,
			);
			defaultConfigurationIsVisible = 0;
			defaultConfigurationName = Release;
		};
/* End XCConfigurationList section */
	};
	rootObject = F84EF76D21408E17004BBD3B /* Project object */;
}
